{
  "version": 4,
  "terraform_version": "1.5.4",
  "serial": 46,
  "lineage": "ef8905a3-7732-41f6-53bf-f3e93ec8c16a",
  "outputs": {},
  "resources": [
    {
      "mode": "managed",
      "type": "google_container_cluster",
      "name": "gke_cluster",
      "provider": "provider[\"registry.terraform.io/hashicorp/google\"]",
      "instances": [
        {
          "schema_version": 1,
          "attributes": {
            "addons_config": [
              {
                "cloudrun_config": [],
                "config_connector_config": [],
                "dns_cache_config": [],
                "gce_persistent_disk_csi_driver_config": [
                  {
                    "enabled": true
                  }
                ],
                "gcp_filestore_csi_driver_config": [],
                "gcs_fuse_csi_driver_config": [],
                "gke_backup_agent_config": [],
                "horizontal_pod_autoscaling": [],
                "http_load_balancing": [],
                "network_policy_config": [
                  {
                    "disabled": true
                  }
                ]
              }
            ],
            "allow_net_admin": null,
            "authenticator_groups_config": [],
            "binary_authorization": [
              {
                "enabled": false,
                "evaluation_mode": ""
              }
            ],
            "cluster_autoscaling": [
              {
                "auto_provisioning_defaults": [],
                "enabled": false,
                "resource_limits": []
              }
            ],
            "cluster_ipv4_cidr": "10.0.0.0/14",
            "confidential_nodes": [],
            "cost_management_config": [],
            "database_encryption": [
              {
                "key_name": "",
                "state": "DECRYPTED"
              }
            ],
            "datapath_provider": "",
            "default_max_pods_per_node": null,
            "default_snat_status": [
              {
                "disabled": false
              }
            ],
            "description": "",
            "dns_config": [],
            "enable_autopilot": false,
            "enable_binary_authorization": false,
            "enable_intranode_visibility": false,
            "enable_kubernetes_alpha": false,
            "enable_l4_ilb_subsetting": false,
            "enable_legacy_abac": false,
            "enable_shielded_nodes": true,
            "enable_tpu": false,
            "endpoint": "34.78.107.145",
            "gateway_api_config": [],
            "id": "projects/intrepid-period-395206/locations/europe-west1-b/clusters/my-gke-cluster",
            "initial_node_count": 2,
            "ip_allocation_policy": [],
            "label_fingerprint": "a9dc16a7",
            "location": "europe-west1-b",
            "logging_config": [
              {
                "enable_components": [
                  "SYSTEM_COMPONENTS",
                  "WORKLOADS"
                ]
              }
            ],
            "logging_service": "logging.googleapis.com/kubernetes",
            "maintenance_policy": [],
            "master_auth": [
              {
                "client_certificate": "",
                "client_certificate_config": [
                  {
                    "issue_client_certificate": false
                  }
                ],
                "client_key": "",
                "cluster_ca_certificate": "LS0tLS1CRUdJTiBDRVJUSUZJQ0FURS0tLS0tCk1JSUVMRENDQXBTZ0F3SUJBZ0lRQzBQa3o1cDRGQkJiTE9TWXpKTmRrVEFOQmdrcWhraUc5dzBCQVFzRkFEQXYKTVMwd0t3WURWUVFERXlRd1lqbGpOelF5T0MxbVpESmlMVFEzWkRRdE9EZ3lOeTFoTXpVeE4yUTVOR0ZqT1RVdwpJQmNOTWpNd09EQTRNRGt4T0RBd1doZ1BNakExTXpBM016RXhNREU0TURCYU1DOHhMVEFyQmdOVkJBTVRKREJpCk9XTTNOREk0TFdaa01tSXRORGRrTkMwNE9ESTNMV0V6TlRFM1pEazBZV001TlRDQ0FhSXdEUVlKS29aSWh2Y04KQVFFQkJRQURnZ0dQQURDQ0FZb0NnZ0dCQU1DTEpBSERRbStsQUdZc3BxM2ZvUGVlb2hEaGxjRG1PRG5CcUdCUwpIVkhGcXFvai9od1ppMWpXTEpRWFpaTlRod1pwS0prMXAxNzRUckVCaEs4eTVWQVRlT1BOMEdZVnRpU2FybVovCjR6YVdpZENtK1NMKzlTc2U5OFZrT0x0Mm1pdEdXeXJyK1YxY0g2d3NGTk92YnIwcmpuN0FrUHpacXZQWWRibnQKVnVyU1cvYzRTVThpS2Q1eHhadU9JOVNsMzI4VGZLQmFVNVZYaXh6cnRyemhwWnVGTTA2M0JPZW9sbjZTbWdDcAppMUhDZWppcDFmcXRiQnhHKzFETEJOU3FySVFSVjNFbW81YlY0UDJyUWdRTGlRbHpZQWdZNEVUQ2lJNDNSOWMvCkhoR1pObW9ZZU5FRkdleStsR3RwK3AxR2hBakxtNzF4Sk8zZXFMM080ZFI3bnhVckQ3d3MzcFNMdWRFbERHSloKUzZmSk5Ob2lib21GWlpsSERuQ1pVRXBSMWVlQ2x0L1p6K1ZKODhjeE1aSi9kdG1xRUFYVDB2bnkzeVo2RXczdgpIc0hZTFF3Tmd6bUthSnlwSks0NHRaZmdHd1N0NXhBVndzcXZLUGpZcHY2TnJBNFcrUExTWjNNeTVuWVVqT1doCmtra0IvNFYvMDNOOWw5Y3lySzZNd1BrZWh3SURBUUFCbzBJd1FEQU9CZ05WSFE4QkFmOEVCQU1DQWdRd0R3WUQKVlIwVEFRSC9CQVV3QXdFQi96QWRCZ05WSFE0RUZnUVVER3hPYnQ3STMyaU1aeDZFdkE3czdORkoxWVF3RFFZSgpLb1pJaHZjTkFRRUxCUUFEZ2dHQkFLZnp2UTNaak1HRUxoRVVIa1o3Nk5lbndlR09ZcHBEZllSTVZlZEdKb2RjCnBYeVViMDNzKzNqaWVBWWdZNm5CcHh5S2VDRXMzVkQ4RWlZVmQxSVE0M3VTTTZ0b0JGbUExUktKcFhSNWRPTDIKbDdHYldWeVZMK3g3V25qU2t4VGtZSnhISERjTzNMN0oxOGFPam8vNkhURHlvbzl4YjE5NzRLeTNLNFVTWi83LwpGWEU2QlZFTno2ZkdydnRKai9FYkZxYlpaZ2d4V0FhVmpnR1BuamFWL1dXMS9QY25IWFJWZkFvd29nTGdQSnlYCjJuMWYyRzJmNWE5NG5yTEgrL29PTTBOTTA2M3BnSTJlbVdLZ3JVTG1xdndHUzJxWHgvN2RFQXQvNTAraWVZcTYKMDE3MFpJblNLdElVdW15SHdaNkh4SUVlZ0ZmRUZMMGlmSHNYSXBnMXZweVhQM0R4Z2FFdlJHT2J3V2laeEh1LwovbTI1RnZEWmdhN015Qjg0V1dETjJXTnppWFJ4cXJmbnU1WlRidWVKMzNhdEhvQVoySnZjSFVoZkpVdWRDeDdmCnFlTDcySERDZW1MYllxajNSWFYrcnZTU0VaL1ZHNVc5Ui9WY1dZQk9jcEpSMVZaNXVEcHA3aXd1OEptSHJGY1QKaHBFMGVoQlVtS2Foa0VPazVEY2JyZz09Ci0tLS0tRU5EIENFUlRJRklDQVRFLS0tLS0K"
              }
            ],
            "master_authorized_networks_config": [],
            "master_version": "1.27.2-gke.1200",
            "mesh_certificates": [],
            "min_master_version": null,
            "monitoring_config": [
              {
                "enable_components": [
                  "SYSTEM_COMPONENTS"
                ],
                "managed_prometheus": [
                  {
                    "enabled": true
                  }
                ]
              }
            ],
            "monitoring_service": "monitoring.googleapis.com/kubernetes",
            "name": "my-gke-cluster",
            "network": "projects/intrepid-period-395206/global/networks/default",
            "network_policy": [
              {
                "enabled": false,
                "provider": "PROVIDER_UNSPECIFIED"
              }
            ],
            "networking_mode": "ROUTES",
            "node_config": [
              {
                "advanced_machine_features": [],
                "boot_disk_kms_key": "",
                "disk_size_gb": 100,
                "disk_type": "pd-balanced",
                "ephemeral_storage_local_ssd_config": [],
                "gcfs_config": [],
                "guest_accelerator": [],
                "gvnic": [],
                "image_type": "COS_CONTAINERD",
                "kubelet_config": [],
                "labels": {},
                "linux_node_config": [],
                "local_nvme_ssd_block_config": [],
                "local_ssd_count": 0,
                "logging_variant": "DEFAULT",
                "machine_type": "e2-medium",
                "metadata": {
                  "disable-legacy-endpoints": "true"
                },
                "min_cpu_platform": "",
                "node_group": "",
                "oauth_scopes": [
                  "https://www.googleapis.com/auth/devstorage.read_only",
                  "https://www.googleapis.com/auth/logging.write",
                  "https://www.googleapis.com/auth/monitoring",
                  "https://www.googleapis.com/auth/service.management.readonly",
                  "https://www.googleapis.com/auth/servicecontrol",
                  "https://www.googleapis.com/auth/trace.append"
                ],
                "preemptible": false,
                "reservation_affinity": [],
                "resource_labels": {},
                "service_account": "default",
                "shielded_instance_config": [
                  {
                    "enable_integrity_monitoring": true,
                    "enable_secure_boot": false
                  }
                ],
                "sole_tenant_config": [],
                "spot": false,
                "tags": [],
                "taint": [],
                "workload_metadata_config": []
              }
            ],
            "node_locations": [],
            "node_pool": [
              {
                "autoscaling": [],
                "initial_node_count": 2,
                "instance_group_urls": [
                  "https://www.googleapis.com/compute/v1/projects/intrepid-period-395206/zones/europe-west1-b/instanceGroupManagers/gke-my-gke-cluster-default-pool-cd5415a1-grp"
                ],
                "managed_instance_group_urls": [
                  "https://www.googleapis.com/compute/v1/projects/intrepid-period-395206/zones/europe-west1-b/instanceGroups/gke-my-gke-cluster-default-pool-cd5415a1-grp"
                ],
                "management": [
                  {
                    "auto_repair": true,
                    "auto_upgrade": true
                  }
                ],
                "max_pods_per_node": 0,
                "name": "default-pool",
                "name_prefix": "",
                "network_config": [
                  {
                    "create_pod_range": false,
                    "enable_private_nodes": false,
                    "pod_cidr_overprovision_config": [],
                    "pod_ipv4_cidr_block": "",
                    "pod_range": ""
                  }
                ],
                "node_config": [
                  {
                    "advanced_machine_features": [],
                    "boot_disk_kms_key": "",
                    "disk_size_gb": 100,
                    "disk_type": "pd-balanced",
                    "ephemeral_storage_local_ssd_config": [],
                    "gcfs_config": [],
                    "guest_accelerator": [],
                    "gvnic": [],
                    "image_type": "COS_CONTAINERD",
                    "kubelet_config": [],
                    "labels": {},
                    "linux_node_config": [],
                    "local_nvme_ssd_block_config": [],
                    "local_ssd_count": 0,
                    "logging_variant": "DEFAULT",
                    "machine_type": "e2-medium",
                    "metadata": {
                      "disable-legacy-endpoints": "true"
                    },
                    "min_cpu_platform": "",
                    "node_group": "",
                    "oauth_scopes": [
                      "https://www.googleapis.com/auth/devstorage.read_only",
                      "https://www.googleapis.com/auth/logging.write",
                      "https://www.googleapis.com/auth/monitoring",
                      "https://www.googleapis.com/auth/service.management.readonly",
                      "https://www.googleapis.com/auth/servicecontrol",
                      "https://www.googleapis.com/auth/trace.append"
                    ],
                    "preemptible": false,
                    "reservation_affinity": [],
                    "resource_labels": {},
                    "service_account": "default",
                    "shielded_instance_config": [
                      {
                        "enable_integrity_monitoring": true,
                        "enable_secure_boot": false
                      }
                    ],
                    "sole_tenant_config": [],
                    "spot": false,
                    "tags": [],
                    "taint": [],
                    "workload_metadata_config": []
                  }
                ],
                "node_count": 2,
                "node_locations": [
                  "europe-west1-b"
                ],
                "placement_policy": [],
                "upgrade_settings": [
                  {
                    "blue_green_settings": [],
                    "max_surge": 1,
                    "max_unavailable": 0,
                    "strategy": "SURGE"
                  }
                ],
                "version": "1.27.2-gke.1200"
              }
            ],
            "node_pool_defaults": [
              {
                "node_config_defaults": [
                  {
                    "logging_variant": "DEFAULT"
                  }
                ]
              }
            ],
            "node_version": "1.27.2-gke.1200",
            "notification_config": [
              {
                "pubsub": [
                  {
                    "enabled": false,
                    "filter": [],
                    "topic": ""
                  }
                ]
              }
            ],
            "operation": null,
            "private_cluster_config": [
              {
                "enable_private_endpoint": false,
                "enable_private_nodes": false,
                "master_global_access_config": [
                  {
                    "enabled": false
                  }
                ],
                "master_ipv4_cidr_block": "",
                "peering_name": "",
                "private_endpoint": "10.132.0.6",
                "private_endpoint_subnetwork": "",
                "public_endpoint": "34.78.107.145"
              }
            ],
            "private_ipv6_google_access": "",
            "project": "intrepid-period-395206",
            "release_channel": [
              {
                "channel": "REGULAR"
              }
            ],
            "remove_default_node_pool": null,
            "resource_labels": {},
            "resource_usage_export_config": [],
            "security_posture_config": [
              {
                "mode": "MODE_UNSPECIFIED",
                "vulnerability_mode": "VULNERABILITY_MODE_UNSPECIFIED"
              }
            ],
            "self_link": "https://container.googleapis.com/v1/projects/intrepid-period-395206/zones/europe-west1-b/clusters/my-gke-cluster",
            "service_external_ips_config": [
              {
                "enabled": false
              }
            ],
            "services_ipv4_cidr": "10.3.240.0/20",
            "subnetwork": "projects/intrepid-period-395206/regions/europe-west1/subnetworks/default",
            "timeouts": null,
            "tpu_ipv4_cidr_block": "",
            "vertical_pod_autoscaling": [],
            "workload_identity_config": []
          },
          "sensitive_attributes": [],
          "private": "eyJlMmJmYjczMC1lY2FhLTExZTYtOGY4OC0zNDM2M2JjN2M0YzAiOnsiY3JlYXRlIjoyNDAwMDAwMDAwMDAwLCJkZWxldGUiOjI0MDAwMDAwMDAwMDAsInJlYWQiOjI0MDAwMDAwMDAwMDAsInVwZGF0ZSI6MzYwMDAwMDAwMDAwMH0sInNjaGVtYV92ZXJzaW9uIjoiMSJ9"
        }
      ]
    },
    {
      "mode": "managed",
      "type": "google_container_node_pool",
      "name": "primary_pool",
      "provider": "provider[\"registry.terraform.io/hashicorp/google\"]",
      "instances": [
        {
          "status": "tainted",
          "schema_version": 1,
          "attributes": {
            "autoscaling": [
              {
                "location_policy": "",
                "max_node_count": 5,
                "min_node_count": 2,
                "total_max_node_count": 0,
                "total_min_node_count": 0
              }
            ],
            "cluster": "my-gke-cluster",
            "id": "projects/intrepid-period-395206/locations/europe-west1-b/clusters/my-gke-cluster/nodePools/default-pool-gke",
            "initial_node_count": null,
            "instance_group_urls": null,
            "location": "europe-west1-b",
            "managed_instance_group_urls": null,
            "management": null,
            "max_pods_per_node": null,
            "name": "default-pool-gke",
            "name_prefix": null,
            "network_config": null,
            "node_config": [
              {
                "advanced_machine_features": [],
                "boot_disk_kms_key": "",
                "disk_size_gb": 100,
                "disk_type": "",
                "ephemeral_storage_local_ssd_config": [],
                "gcfs_config": [],
                "guest_accelerator": [],
                "gvnic": [],
                "image_type": "",
                "kubelet_config": [],
                "labels": {},
                "linux_node_config": [],
                "local_nvme_ssd_block_config": [],
                "local_ssd_count": 0,
                "logging_variant": "DEFAULT",
                "machine_type": "n1-standard-1",
                "metadata": {},
                "min_cpu_platform": "",
                "node_group": "",
                "oauth_scopes": [],
                "preemptible": false,
                "reservation_affinity": [],
                "resource_labels": null,
                "service_account": "",
                "shielded_instance_config": [],
                "sole_tenant_config": [],
                "spot": false,
                "tags": null,
                "taint": [],
                "workload_metadata_config": []
              }
            ],
            "node_count": 3,
            "node_locations": [],
            "operation": null,
            "placement_policy": [],
            "project": null,
            "timeouts": null,
            "upgrade_settings": null,
            "version": null
          },
          "sensitive_attributes": [],
          "private": "eyJlMmJmYjczMC1lY2FhLTExZTYtOGY4OC0zNDM2M2JjN2M0YzAiOnsiY3JlYXRlIjoxODAwMDAwMDAwMDAwLCJkZWxldGUiOjE4MDAwMDAwMDAwMDAsInVwZGF0ZSI6MTgwMDAwMDAwMDAwMH0sInNjaGVtYV92ZXJzaW9uIjoiMSJ9",
          "dependencies": [
            "google_container_cluster.gke_cluster"
          ]
        }
      ]
    },
    {
      "mode": "managed",
      "type": "google_sql_database_instance",
      "name": "my_database",
      "provider": "provider[\"registry.terraform.io/hashicorp/google\"]",
      "instances": [
        {
          "schema_version": 0,
          "attributes": {
            "available_maintenance_versions": [],
            "clone": [],
            "connection_name": "intrepid-period-395206:europe-west1:my-database",
            "database_version": "MYSQL_8_0",
            "deletion_protection": false,
            "encryption_key_name": null,
            "first_ip_address": "34.140.193.68",
            "id": "my-database",
            "instance_type": "CLOUD_SQL_INSTANCE",
            "ip_address": [
              {
                "ip_address": "34.140.193.68",
                "time_to_retire": "",
                "type": "PRIMARY"
              }
            ],
            "maintenance_version": "MYSQL_8_0_31.R20230624.00_05",
            "master_instance_name": "",
            "name": "my-database",
            "private_ip_address": "",
            "project": "intrepid-period-395206",
            "public_ip_address": "34.140.193.68",
            "region": "europe-west1",
            "replica_configuration": [],
            "restore_backup_context": [],
            "root_password": null,
            "self_link": "https://sqladmin.googleapis.com/sql/v1beta4/projects/intrepid-period-395206/instances/my-database",
            "server_ca_cert": [
              {
                "cert": "-----BEGIN CERTIFICATE-----\nMIIDfzCCAmegAwIBAgIBADANBgkqhkiG9w0BAQsFADB3MS0wKwYDVQQuEyQwZDY4\nMjA0Zi0xNzVkLTQyOTQtODAzMy0wMzc0OTUwZTRkYWIxIzAhBgNVBAMTGkdvb2ds\nZSBDbG91ZCBTUUwgU2VydmVyIENBMRQwEgYDVQQKEwtHb29nbGUsIEluYzELMAkG\nA1UEBhMCVVMwHhcNMjMwODA4MTAwNDQ4WhcNMzMwODA1MTAwNTQ4WjB3MS0wKwYD\nVQQuEyQwZDY4MjA0Zi0xNzVkLTQyOTQtODAzMy0wMzc0OTUwZTRkYWIxIzAhBgNV\nBAMTGkdvb2dsZSBDbG91ZCBTUUwgU2VydmVyIENBMRQwEgYDVQQKEwtHb29nbGUs\nIEluYzELMAkGA1UEBhMCVVMwggEiMA0GCSqGSIb3DQEBAQUAA4IBDwAwggEKAoIB\nAQCE74kP0cgkPOoG9sxT6FJwjy0pIbRhtFagUk2Jtqt0ljnWspYfMJzOykdA9V3S\n6vwE7cnkrTuutcrZEOhRISxhddUSebQHNntAYKIo/byIqhIqnHTHhgzuCNhvAtts\nAbBKme9iJfT+XMXeQtU4a1q6yK5fueflmcMlsWc5pchWMRGJsjZDcm09eHO96CJj\nR5xJQVT57PaLH2qLUT31Wmc6+eZv7gsMNPmK9zNAerVG/MvZgkkdcg23GVbWYutR\nmMWt/w+0GsIS0SjC8uHN9y5Tmp9EknjB0qF+M9uicszNCdzz9ltBGy9iXvzTtJJq\n9QSue2LdJ/z/PRVzs31KF7U1AgMBAAGjFjAUMBIGA1UdEwEB/wQIMAYBAf8CAQAw\nDQYJKoZIhvcNAQELBQADggEBADCG+18vJ/H3m9/fy02PKmdeE3apaERcMAGun4FK\nrHGcQ+qcK61o/L+nXFyGw2dLMnxVv7IktK+vV8y4tH2BtxD5IEYYthygWoVY884w\nWgCwW6P3Esdvp1DB0sxMWfgJxWxU74XaS9UbIVAOnWjYbQaWw/yDR4YQGK8UjkKG\nIE1edUoF7tE5/swlc+mtfjI/KHipfY9YDiL4sviiITkDx4+DLznWMupc9tsSKFcN\nQk5aN+xVTSsc/0ZYuK/k3bV0vhkFWYiHWzozaZrHFaPVtxfpy5Rw2XNoD0GNv2fL\nUAn7kqWz30QVOyums72K5jUObzmrzf3q+VqqIrKqesBMD98=\n-----END CERTIFICATE-----",
                "common_name": "C=US,O=Google\\, Inc,CN=Google Cloud SQL Server CA,dnQualifier=0d68204f-175d-4294-8033-0374950e4dab",
                "create_time": "2023-08-08T10:04:48.926Z",
                "expiration_time": "2033-08-05T10:05:48.926Z",
                "sha1_fingerprint": "70a588b68c66b96c6b68a1390eba5311ab6fea36"
              }
            ],
            "service_account_email_address": "p815927197818-celr00@gcp-sa-cloud-sql.iam.gserviceaccount.com",
            "settings": [
              {
                "activation_policy": "ALWAYS",
                "active_directory_config": [],
                "advanced_machine_features": [],
                "availability_type": "ZONAL",
                "backup_configuration": [
                  {
                    "backup_retention_settings": [
                      {
                        "retained_backups": 7,
                        "retention_unit": "COUNT"
                      }
                    ],
                    "binary_log_enabled": false,
                    "enabled": true,
                    "location": "",
                    "point_in_time_recovery_enabled": false,
                    "start_time": "04:00",
                    "transaction_log_retention_days": 7
                  }
                ],
                "collation": "",
                "connector_enforcement": "NOT_REQUIRED",
                "data_cache_config": [],
                "database_flags": [],
                "deletion_protection_enabled": false,
                "deny_maintenance_period": [],
                "disk_autoresize": true,
                "disk_autoresize_limit": 0,
                "disk_size": 10,
                "disk_type": "PD_SSD",
                "edition": "",
                "insights_config": [],
                "ip_configuration": [
                  {
                    "allocated_ip_range": "",
                    "authorized_networks": [],
                    "enable_private_path_for_google_cloud_services": false,
                    "ipv4_enabled": true,
                    "private_network": "",
                    "require_ssl": false
                  }
                ],
                "location_preference": [
                  {
                    "follow_gae_application": "",
                    "secondary_zone": "",
                    "zone": "europe-west1-d"
                  }
                ],
                "maintenance_window": [],
                "password_validation_policy": [],
                "pricing_plan": "PER_USE",
                "sql_server_audit_config": [],
                "tier": "db-f1-micro",
                "time_zone": "",
                "user_labels": {},
                "version": 2
              }
            ],
            "timeouts": null
          },
          "sensitive_attributes": [],
          "private": "eyJlMmJmYjczMC1lY2FhLTExZTYtOGY4OC0zNDM2M2JjN2M0YzAiOnsiY3JlYXRlIjoyNDAwMDAwMDAwMDAwLCJkZWxldGUiOjE4MDAwMDAwMDAwMDAsInVwZGF0ZSI6MTgwMDAwMDAwMDAwMH19"
        }
      ]
    }
  ],
  "check_results": null
}
