{
  "version": 4,
  "terraform_version": "1.5.4",
  "serial": 101,
  "lineage": "ef8905a3-7732-41f6-53bf-f3e93ec8c16a",
  "outputs": {},
  "resources": [
    {
      "mode": "managed",
      "type": "google_compute_address",
      "name": "my_static_ip",
      "provider": "provider[\"registry.terraform.io/hashicorp/google\"]",
      "instances": [
        {
          "schema_version": 0,
          "attributes": {
            "address": "104.199.3.61",
            "address_type": "EXTERNAL",
            "creation_timestamp": "2023-08-10T00:25:31.069-07:00",
            "description": "",
            "id": "projects/intrepid-period-395206/regions/europe-west1/addresses/my-static-ip",
            "name": "my-static-ip",
            "network": "",
            "network_tier": "PREMIUM",
            "prefix_length": 0,
            "project": "intrepid-period-395206",
            "purpose": "",
            "region": "europe-west1",
            "self_link": "https://www.googleapis.com/compute/v1/projects/intrepid-period-395206/regions/europe-west1/addresses/my-static-ip",
            "subnetwork": "",
            "timeouts": null,
            "users": []
          },
          "sensitive_attributes": [],
          "private": "eyJlMmJmYjczMC1lY2FhLTExZTYtOGY4OC0zNDM2M2JjN2M0YzAiOnsiY3JlYXRlIjoxMjAwMDAwMDAwMDAwLCJkZWxldGUiOjEyMDAwMDAwMDAwMDB9fQ=="
        }
      ]
    },
    {
      "mode": "managed",
      "type": "google_compute_backend_bucket",
      "name": "my_backend_bucket_project",
      "provider": "provider[\"registry.terraform.io/hashicorp/google\"]",
      "instances": [
        {
          "schema_version": 0,
          "attributes": {
            "bucket_name": "website2-bucket1",
            "cdn_policy": [],
            "compression_mode": "",
            "creation_timestamp": "2023-08-10T00:09:27.980-07:00",
            "custom_response_headers": [],
            "description": "",
            "edge_security_policy": "",
            "enable_cdn": false,
            "id": "projects/intrepid-period-395206/global/backendBuckets/my-backend-bucket-project",
            "name": "my-backend-bucket-project",
            "project": "intrepid-period-395206",
            "self_link": "https://www.googleapis.com/compute/v1/projects/intrepid-period-395206/global/backendBuckets/my-backend-bucket-project",
            "timeouts": null
          },
          "sensitive_attributes": [],
          "private": "eyJlMmJmYjczMC1lY2FhLTExZTYtOGY4OC0zNDM2M2JjN2M0YzAiOnsiY3JlYXRlIjoxMjAwMDAwMDAwMDAwLCJkZWxldGUiOjEyMDAwMDAwMDAwMDAsInVwZGF0ZSI6MTIwMDAwMDAwMDAwMH19",
          "dependencies": [
            "google_storage_bucket.my_bucket"
          ]
        }
      ]
    },
    {
      "mode": "managed",
      "type": "google_compute_firewall",
      "name": "allow_http",
      "provider": "provider[\"registry.terraform.io/hashicorp/google\"]",
      "instances": [
        {
          "schema_version": 1,
          "attributes": {
            "allow": [
              {
                "ports": [
                  "80",
                  "443"
                ],
                "protocol": "tcp"
              }
            ],
            "creation_timestamp": "2023-08-10T00:13:30.121-07:00",
            "deny": [],
            "description": "",
            "destination_ranges": [],
            "direction": "INGRESS",
            "disabled": false,
            "enable_logging": null,
            "id": "projects/intrepid-period-395206/global/firewalls/allow-http",
            "log_config": [],
            "name": "allow-http",
            "network": "https://www.googleapis.com/compute/v1/projects/intrepid-period-395206/global/networks/my-network-project",
            "priority": 1000,
            "project": "intrepid-period-395206",
            "self_link": "https://www.googleapis.com/compute/v1/projects/intrepid-period-395206/global/firewalls/allow-http",
            "source_ranges": [
              "0.0.0.0/0"
            ],
            "source_service_accounts": [],
            "source_tags": [],
            "target_service_accounts": [],
            "target_tags": [],
            "timeouts": null
          },
          "sensitive_attributes": [],
          "private": "eyJlMmJmYjczMC1lY2FhLTExZTYtOGY4OC0zNDM2M2JjN2M0YzAiOnsiY3JlYXRlIjoxMjAwMDAwMDAwMDAwLCJkZWxldGUiOjEyMDAwMDAwMDAwMDAsInVwZGF0ZSI6MTIwMDAwMDAwMDAwMH0sInNjaGVtYV92ZXJzaW9uIjoiMSJ9",
          "dependencies": [
            "google_compute_network.my_network"
          ]
        }
      ]
    },
    {
      "mode": "managed",
      "type": "google_compute_global_forwarding_rule",
      "name": "my_forwarding_rule",
      "provider": "provider[\"registry.terraform.io/hashicorp/google\"]",
      "instances": [
        {
          "schema_version": 0,
          "attributes": {
            "base_forwarding_rule": "",
            "description": "",
            "id": "projects/intrepid-period-395206/global/forwardingRules/my-forwarding-rule",
            "ip_address": "34.149.17.152",
            "ip_protocol": "TCP",
            "ip_version": "",
            "label_fingerprint": "42WmSpB8rSM=",
            "labels": {},
            "load_balancing_scheme": "EXTERNAL",
            "metadata_filters": [],
            "name": "my-forwarding-rule",
            "network": "",
            "no_automate_dns_zone": null,
            "port_range": "80-80",
            "project": "intrepid-period-395206",
            "psc_connection_id": "",
            "psc_connection_status": "",
            "self_link": "https://www.googleapis.com/compute/v1/projects/intrepid-period-395206/global/forwardingRules/my-forwarding-rule",
            "source_ip_ranges": [],
            "target": "https://www.googleapis.com/compute/v1/projects/intrepid-period-395206/global/targetHttpProxies/my-target-http-proxy",
            "timeouts": null
          },
          "sensitive_attributes": [],
          "private": "eyJlMmJmYjczMC1lY2FhLTExZTYtOGY4OC0zNDM2M2JjN2M0YzAiOnsiY3JlYXRlIjoxMjAwMDAwMDAwMDAwLCJkZWxldGUiOjEyMDAwMDAwMDAwMDAsInVwZGF0ZSI6MTIwMDAwMDAwMDAwMH19",
          "dependencies": [
            "google_compute_backend_bucket.my_backend_bucket_project",
            "google_compute_target_http_proxy.my_target_http_proxy",
            "google_compute_url_map.my_url_map",
            "google_storage_bucket.my_bucket"
          ]
        }
      ]
    },
    {
      "mode": "managed",
      "type": "google_compute_global_forwarding_rule",
      "name": "my_forwarding_rule_https",
      "provider": "provider[\"registry.terraform.io/hashicorp/google\"]",
      "instances": []
    },
    {
      "mode": "managed",
      "type": "google_compute_network",
      "name": "my_network",
      "provider": "provider[\"registry.terraform.io/hashicorp/google\"]",
      "instances": [
        {
          "schema_version": 0,
          "attributes": {
            "auto_create_subnetworks": true,
            "delete_default_routes_on_create": false,
            "description": "",
            "enable_ula_internal_ipv6": false,
            "gateway_ipv4": "",
            "id": "projects/intrepid-period-395206/global/networks/my-network-project",
            "internal_ipv6_range": "",
            "mtu": 0,
            "name": "my-network-project",
            "network_firewall_policy_enforcement_order": "AFTER_CLASSIC_FIREWALL",
            "project": "intrepid-period-395206",
            "routing_mode": "REGIONAL",
            "self_link": "https://www.googleapis.com/compute/v1/projects/intrepid-period-395206/global/networks/my-network-project",
            "timeouts": null
          },
          "sensitive_attributes": [],
          "private": "eyJlMmJmYjczMC1lY2FhLTExZTYtOGY4OC0zNDM2M2JjN2M0YzAiOnsiY3JlYXRlIjoxMjAwMDAwMDAwMDAwLCJkZWxldGUiOjEyMDAwMDAwMDAwMDAsInVwZGF0ZSI6MTIwMDAwMDAwMDAwMH19"
        }
      ]
    },
    {
      "mode": "managed",
      "type": "google_compute_subnetwork",
      "name": "backend_subnet",
      "provider": "provider[\"registry.terraform.io/hashicorp/google\"]",
      "instances": [
        {
          "schema_version": 0,
          "attributes": {
            "creation_timestamp": "2023-08-10T00:13:30.803-07:00",
            "description": "",
            "external_ipv6_prefix": "",
            "fingerprint": null,
            "gateway_address": "10.0.2.1",
            "id": "projects/intrepid-period-395206/regions/europe-west1/subnetworks/backend-subnet",
            "ip_cidr_range": "10.0.2.0/24",
            "ipv6_access_type": "",
            "ipv6_cidr_range": "",
            "log_config": [],
            "name": "backend-subnet",
            "network": "https://www.googleapis.com/compute/v1/projects/intrepid-period-395206/global/networks/my-network-project",
            "private_ip_google_access": false,
            "private_ipv6_google_access": "DISABLE_GOOGLE_ACCESS",
            "project": "intrepid-period-395206",
            "purpose": "PRIVATE",
            "region": "europe-west1",
            "role": "",
            "secondary_ip_range": [],
            "self_link": "https://www.googleapis.com/compute/v1/projects/intrepid-period-395206/regions/europe-west1/subnetworks/backend-subnet",
            "stack_type": "IPV4_ONLY",
            "timeouts": null
          },
          "sensitive_attributes": [],
          "private": "eyJlMmJmYjczMC1lY2FhLTExZTYtOGY4OC0zNDM2M2JjN2M0YzAiOnsiY3JlYXRlIjoxMjAwMDAwMDAwMDAwLCJkZWxldGUiOjEyMDAwMDAwMDAwMDAsInVwZGF0ZSI6MTIwMDAwMDAwMDAwMH19",
          "dependencies": [
            "google_compute_network.my_network"
          ]
        }
      ]
    },
    {
      "mode": "managed",
      "type": "google_compute_subnetwork",
      "name": "frontend_subnet",
      "provider": "provider[\"registry.terraform.io/hashicorp/google\"]",
      "instances": [
        {
          "schema_version": 0,
          "attributes": {
            "creation_timestamp": "2023-08-10T00:13:30.761-07:00",
            "description": "",
            "external_ipv6_prefix": "",
            "fingerprint": null,
            "gateway_address": "10.0.1.1",
            "id": "projects/intrepid-period-395206/regions/europe-west1/subnetworks/frontend-subnet",
            "ip_cidr_range": "10.0.1.0/24",
            "ipv6_access_type": "",
            "ipv6_cidr_range": "",
            "log_config": [],
            "name": "frontend-subnet",
            "network": "https://www.googleapis.com/compute/v1/projects/intrepid-period-395206/global/networks/my-network-project",
            "private_ip_google_access": false,
            "private_ipv6_google_access": "DISABLE_GOOGLE_ACCESS",
            "project": "intrepid-period-395206",
            "purpose": "PRIVATE",
            "region": "europe-west1",
            "role": "",
            "secondary_ip_range": [],
            "self_link": "https://www.googleapis.com/compute/v1/projects/intrepid-period-395206/regions/europe-west1/subnetworks/frontend-subnet",
            "stack_type": "IPV4_ONLY",
            "timeouts": null
          },
          "sensitive_attributes": [],
          "private": "eyJlMmJmYjczMC1lY2FhLTExZTYtOGY4OC0zNDM2M2JjN2M0YzAiOnsiY3JlYXRlIjoxMjAwMDAwMDAwMDAwLCJkZWxldGUiOjEyMDAwMDAwMDAwMDAsInVwZGF0ZSI6MTIwMDAwMDAwMDAwMH19",
          "dependencies": [
            "google_compute_network.my_network"
          ]
        }
      ]
    },
    {
      "mode": "managed",
      "type": "google_compute_target_http_proxy",
      "name": "my_target_http_proxy",
      "provider": "provider[\"registry.terraform.io/hashicorp/google\"]",
      "instances": [
        {
          "schema_version": 0,
          "attributes": {
            "creation_timestamp": "2023-08-10T00:25:30.977-07:00",
            "description": "",
            "http_keep_alive_timeout_sec": 0,
            "id": "projects/intrepid-period-395206/global/targetHttpProxies/my-target-http-proxy",
            "name": "my-target-http-proxy",
            "project": "intrepid-period-395206",
            "proxy_bind": false,
            "proxy_id": 7824385446602419717,
            "self_link": "https://www.googleapis.com/compute/v1/projects/intrepid-period-395206/global/targetHttpProxies/my-target-http-proxy",
            "timeouts": null,
            "url_map": "https://www.googleapis.com/compute/v1/projects/intrepid-period-395206/global/urlMaps/my-url-map"
          },
          "sensitive_attributes": [],
          "private": "eyJlMmJmYjczMC1lY2FhLTExZTYtOGY4OC0zNDM2M2JjN2M0YzAiOnsiY3JlYXRlIjoxMjAwMDAwMDAwMDAwLCJkZWxldGUiOjEyMDAwMDAwMDAwMDAsInVwZGF0ZSI6MTIwMDAwMDAwMDAwMH19",
          "dependencies": [
            "google_compute_backend_bucket.my_backend_bucket_project",
            "google_compute_url_map.my_url_map",
            "google_storage_bucket.my_bucket"
          ]
        }
      ]
    },
    {
      "mode": "managed",
      "type": "google_compute_url_map",
      "name": "my_url_map",
      "provider": "provider[\"registry.terraform.io/hashicorp/google\"]",
      "instances": [
        {
          "schema_version": 0,
          "attributes": {
            "creation_timestamp": "2023-08-10T00:09:40.076-07:00",
            "default_route_action": [],
            "default_service": "https://www.googleapis.com/compute/v1/projects/intrepid-period-395206/global/backendBuckets/my-backend-bucket-project",
            "default_url_redirect": [],
            "description": "",
            "fingerprint": "9tjF_5eC91A=",
            "header_action": [],
            "host_rule": [],
            "id": "projects/intrepid-period-395206/global/urlMaps/my-url-map",
            "map_id": 5240628357933642715,
            "name": "my-url-map",
            "path_matcher": [],
            "project": "intrepid-period-395206",
            "self_link": "https://www.googleapis.com/compute/v1/projects/intrepid-period-395206/global/urlMaps/my-url-map",
            "test": [],
            "timeouts": null
          },
          "sensitive_attributes": [],
          "private": "eyJlMmJmYjczMC1lY2FhLTExZTYtOGY4OC0zNDM2M2JjN2M0YzAiOnsiY3JlYXRlIjoxMjAwMDAwMDAwMDAwLCJkZWxldGUiOjEyMDAwMDAwMDAwMDAsInVwZGF0ZSI6MTIwMDAwMDAwMDAwMH19",
          "dependencies": [
            "google_compute_backend_bucket.my_backend_bucket_project",
            "google_storage_bucket.my_bucket"
          ]
        }
      ]
    },
    {
      "mode": "managed",
      "type": "google_container_cluster",
      "name": "gke_cluster",
      "provider": "provider[\"registry.terraform.io/hashicorp/google\"]",
      "instances": [
        {
          "schema_version": 1,
          "attributes": {
            "addons_config": [
              {
                "cloudrun_config": [],
                "config_connector_config": [],
                "dns_cache_config": [],
                "gce_persistent_disk_csi_driver_config": [
                  {
                    "enabled": true
                  }
                ],
                "gcp_filestore_csi_driver_config": [],
                "gcs_fuse_csi_driver_config": [],
                "gke_backup_agent_config": [],
                "horizontal_pod_autoscaling": [],
                "http_load_balancing": [],
                "network_policy_config": [
                  {
                    "disabled": true
                  }
                ]
              }
            ],
            "allow_net_admin": null,
            "authenticator_groups_config": [],
            "binary_authorization": [
              {
                "enabled": false,
                "evaluation_mode": ""
              }
            ],
            "cluster_autoscaling": [
              {
                "auto_provisioning_defaults": [],
                "enabled": false,
                "resource_limits": []
              }
            ],
            "cluster_ipv4_cidr": "10.0.0.0/14",
            "confidential_nodes": [],
            "cost_management_config": [],
            "database_encryption": [
              {
                "key_name": "",
                "state": "DECRYPTED"
              }
            ],
            "datapath_provider": "",
            "default_max_pods_per_node": null,
            "default_snat_status": [
              {
                "disabled": false
              }
            ],
            "description": "",
            "dns_config": [],
            "enable_autopilot": false,
            "enable_binary_authorization": false,
            "enable_intranode_visibility": false,
            "enable_kubernetes_alpha": false,
            "enable_l4_ilb_subsetting": false,
            "enable_legacy_abac": false,
            "enable_shielded_nodes": true,
            "enable_tpu": false,
            "endpoint": "34.78.107.145",
            "gateway_api_config": [],
            "id": "projects/intrepid-period-395206/locations/europe-west1-b/clusters/my-gke-cluster",
            "initial_node_count": 2,
            "ip_allocation_policy": [],
            "label_fingerprint": "a9dc16a7",
            "location": "europe-west1-b",
            "logging_config": [
              {
                "enable_components": [
                  "SYSTEM_COMPONENTS",
                  "WORKLOADS"
                ]
              }
            ],
            "logging_service": "logging.googleapis.com/kubernetes",
            "maintenance_policy": [],
            "master_auth": [
              {
                "client_certificate": "",
                "client_certificate_config": [
                  {
                    "issue_client_certificate": false
                  }
                ],
                "client_key": "",
                "cluster_ca_certificate": "LS0tLS1CRUdJTiBDRVJUSUZJQ0FURS0tLS0tCk1JSUVMRENDQXBTZ0F3SUJBZ0lRQzBQa3o1cDRGQkJiTE9TWXpKTmRrVEFOQmdrcWhraUc5dzBCQVFzRkFEQXYKTVMwd0t3WURWUVFERXlRd1lqbGpOelF5T0MxbVpESmlMVFEzWkRRdE9EZ3lOeTFoTXpVeE4yUTVOR0ZqT1RVdwpJQmNOTWpNd09EQTRNRGt4T0RBd1doZ1BNakExTXpBM016RXhNREU0TURCYU1DOHhMVEFyQmdOVkJBTVRKREJpCk9XTTNOREk0TFdaa01tSXRORGRrTkMwNE9ESTNMV0V6TlRFM1pEazBZV001TlRDQ0FhSXdEUVlKS29aSWh2Y04KQVFFQkJRQURnZ0dQQURDQ0FZb0NnZ0dCQU1DTEpBSERRbStsQUdZc3BxM2ZvUGVlb2hEaGxjRG1PRG5CcUdCUwpIVkhGcXFvai9od1ppMWpXTEpRWFpaTlRod1pwS0prMXAxNzRUckVCaEs4eTVWQVRlT1BOMEdZVnRpU2FybVovCjR6YVdpZENtK1NMKzlTc2U5OFZrT0x0Mm1pdEdXeXJyK1YxY0g2d3NGTk92YnIwcmpuN0FrUHpacXZQWWRibnQKVnVyU1cvYzRTVThpS2Q1eHhadU9JOVNsMzI4VGZLQmFVNVZYaXh6cnRyemhwWnVGTTA2M0JPZW9sbjZTbWdDcAppMUhDZWppcDFmcXRiQnhHKzFETEJOU3FySVFSVjNFbW81YlY0UDJyUWdRTGlRbHpZQWdZNEVUQ2lJNDNSOWMvCkhoR1pObW9ZZU5FRkdleStsR3RwK3AxR2hBakxtNzF4Sk8zZXFMM080ZFI3bnhVckQ3d3MzcFNMdWRFbERHSloKUzZmSk5Ob2lib21GWlpsSERuQ1pVRXBSMWVlQ2x0L1p6K1ZKODhjeE1aSi9kdG1xRUFYVDB2bnkzeVo2RXczdgpIc0hZTFF3Tmd6bUthSnlwSks0NHRaZmdHd1N0NXhBVndzcXZLUGpZcHY2TnJBNFcrUExTWjNNeTVuWVVqT1doCmtra0IvNFYvMDNOOWw5Y3lySzZNd1BrZWh3SURBUUFCbzBJd1FEQU9CZ05WSFE4QkFmOEVCQU1DQWdRd0R3WUQKVlIwVEFRSC9CQVV3QXdFQi96QWRCZ05WSFE0RUZnUVVER3hPYnQ3STMyaU1aeDZFdkE3czdORkoxWVF3RFFZSgpLb1pJaHZjTkFRRUxCUUFEZ2dHQkFLZnp2UTNaak1HRUxoRVVIa1o3Nk5lbndlR09ZcHBEZllSTVZlZEdKb2RjCnBYeVViMDNzKzNqaWVBWWdZNm5CcHh5S2VDRXMzVkQ4RWlZVmQxSVE0M3VTTTZ0b0JGbUExUktKcFhSNWRPTDIKbDdHYldWeVZMK3g3V25qU2t4VGtZSnhISERjTzNMN0oxOGFPam8vNkhURHlvbzl4YjE5NzRLeTNLNFVTWi83LwpGWEU2QlZFTno2ZkdydnRKai9FYkZxYlpaZ2d4V0FhVmpnR1BuamFWL1dXMS9QY25IWFJWZkFvd29nTGdQSnlYCjJuMWYyRzJmNWE5NG5yTEgrL29PTTBOTTA2M3BnSTJlbVdLZ3JVTG1xdndHUzJxWHgvN2RFQXQvNTAraWVZcTYKMDE3MFpJblNLdElVdW15SHdaNkh4SUVlZ0ZmRUZMMGlmSHNYSXBnMXZweVhQM0R4Z2FFdlJHT2J3V2laeEh1LwovbTI1RnZEWmdhN015Qjg0V1dETjJXTnppWFJ4cXJmbnU1WlRidWVKMzNhdEhvQVoySnZjSFVoZkpVdWRDeDdmCnFlTDcySERDZW1MYllxajNSWFYrcnZTU0VaL1ZHNVc5Ui9WY1dZQk9jcEpSMVZaNXVEcHA3aXd1OEptSHJGY1QKaHBFMGVoQlVtS2Foa0VPazVEY2JyZz09Ci0tLS0tRU5EIENFUlRJRklDQVRFLS0tLS0K"
              }
            ],
            "master_authorized_networks_config": [],
            "master_version": "1.27.2-gke.1200",
            "mesh_certificates": [],
            "min_master_version": null,
            "monitoring_config": [
              {
                "enable_components": [
                  "SYSTEM_COMPONENTS"
                ],
                "managed_prometheus": [
                  {
                    "enabled": true
                  }
                ]
              }
            ],
            "monitoring_service": "monitoring.googleapis.com/kubernetes",
            "name": "my-gke-cluster",
            "network": "projects/intrepid-period-395206/global/networks/default",
            "network_policy": [
              {
                "enabled": false,
                "provider": "PROVIDER_UNSPECIFIED"
              }
            ],
            "networking_mode": "ROUTES",
            "node_config": [
              {
                "advanced_machine_features": [],
                "boot_disk_kms_key": "",
                "disk_size_gb": 100,
                "disk_type": "pd-balanced",
                "ephemeral_storage_local_ssd_config": [],
                "gcfs_config": [],
                "guest_accelerator": [],
                "gvnic": [],
                "image_type": "COS_CONTAINERD",
                "kubelet_config": [],
                "labels": {},
                "linux_node_config": [],
                "local_nvme_ssd_block_config": [],
                "local_ssd_count": 0,
                "logging_variant": "DEFAULT",
                "machine_type": "e2-medium",
                "metadata": {
                  "disable-legacy-endpoints": "true"
                },
                "min_cpu_platform": "",
                "node_group": "",
                "oauth_scopes": [
                  "https://www.googleapis.com/auth/devstorage.read_only",
                  "https://www.googleapis.com/auth/logging.write",
                  "https://www.googleapis.com/auth/monitoring",
                  "https://www.googleapis.com/auth/service.management.readonly",
                  "https://www.googleapis.com/auth/servicecontrol",
                  "https://www.googleapis.com/auth/trace.append"
                ],
                "preemptible": false,
                "reservation_affinity": [],
                "resource_labels": {},
                "service_account": "default",
                "shielded_instance_config": [
                  {
                    "enable_integrity_monitoring": true,
                    "enable_secure_boot": false
                  }
                ],
                "sole_tenant_config": [],
                "spot": false,
                "tags": [],
                "taint": [],
                "workload_metadata_config": []
              }
            ],
            "node_locations": [],
            "node_pool": [
              {
                "autoscaling": [],
                "initial_node_count": 2,
                "instance_group_urls": [
                  "https://www.googleapis.com/compute/v1/projects/intrepid-period-395206/zones/europe-west1-b/instanceGroupManagers/gke-my-gke-cluster-default-pool-cd5415a1-grp"
                ],
                "managed_instance_group_urls": [
                  "https://www.googleapis.com/compute/v1/projects/intrepid-period-395206/zones/europe-west1-b/instanceGroups/gke-my-gke-cluster-default-pool-cd5415a1-grp"
                ],
                "management": [
                  {
                    "auto_repair": true,
                    "auto_upgrade": true
                  }
                ],
                "max_pods_per_node": 0,
                "name": "default-pool",
                "name_prefix": "",
                "network_config": [
                  {
                    "create_pod_range": false,
                    "enable_private_nodes": false,
                    "pod_cidr_overprovision_config": [],
                    "pod_ipv4_cidr_block": "",
                    "pod_range": ""
                  }
                ],
                "node_config": [
                  {
                    "advanced_machine_features": [],
                    "boot_disk_kms_key": "",
                    "disk_size_gb": 100,
                    "disk_type": "pd-balanced",
                    "ephemeral_storage_local_ssd_config": [],
                    "gcfs_config": [],
                    "guest_accelerator": [],
                    "gvnic": [],
                    "image_type": "COS_CONTAINERD",
                    "kubelet_config": [],
                    "labels": {},
                    "linux_node_config": [],
                    "local_nvme_ssd_block_config": [],
                    "local_ssd_count": 0,
                    "logging_variant": "DEFAULT",
                    "machine_type": "e2-medium",
                    "metadata": {
                      "disable-legacy-endpoints": "true"
                    },
                    "min_cpu_platform": "",
                    "node_group": "",
                    "oauth_scopes": [
                      "https://www.googleapis.com/auth/devstorage.read_only",
                      "https://www.googleapis.com/auth/logging.write",
                      "https://www.googleapis.com/auth/monitoring",
                      "https://www.googleapis.com/auth/service.management.readonly",
                      "https://www.googleapis.com/auth/servicecontrol",
                      "https://www.googleapis.com/auth/trace.append"
                    ],
                    "preemptible": false,
                    "reservation_affinity": [],
                    "resource_labels": {},
                    "service_account": "default",
                    "shielded_instance_config": [
                      {
                        "enable_integrity_monitoring": true,
                        "enable_secure_boot": false
                      }
                    ],
                    "sole_tenant_config": [],
                    "spot": false,
                    "tags": [],
                    "taint": [],
                    "workload_metadata_config": []
                  }
                ],
                "node_count": 2,
                "node_locations": [
                  "europe-west1-b"
                ],
                "placement_policy": [],
                "upgrade_settings": [
                  {
                    "blue_green_settings": [],
                    "max_surge": 1,
                    "max_unavailable": 0,
                    "strategy": "SURGE"
                  }
                ],
                "version": "1.27.2-gke.1200"
              }
            ],
            "node_pool_defaults": [
              {
                "node_config_defaults": [
                  {
                    "logging_variant": "DEFAULT"
                  }
                ]
              }
            ],
            "node_version": "1.27.2-gke.1200",
            "notification_config": [
              {
                "pubsub": [
                  {
                    "enabled": false,
                    "filter": [],
                    "topic": ""
                  }
                ]
              }
            ],
            "operation": null,
            "private_cluster_config": [
              {
                "enable_private_endpoint": false,
                "enable_private_nodes": false,
                "master_global_access_config": [
                  {
                    "enabled": false
                  }
                ],
                "master_ipv4_cidr_block": "",
                "peering_name": "",
                "private_endpoint": "10.132.0.6",
                "private_endpoint_subnetwork": "",
                "public_endpoint": "34.78.107.145"
              }
            ],
            "private_ipv6_google_access": "",
            "project": "intrepid-period-395206",
            "release_channel": [
              {
                "channel": "REGULAR"
              }
            ],
            "remove_default_node_pool": null,
            "resource_labels": {},
            "resource_usage_export_config": [],
            "security_posture_config": [
              {
                "mode": "MODE_UNSPECIFIED",
                "vulnerability_mode": "VULNERABILITY_MODE_UNSPECIFIED"
              }
            ],
            "self_link": "https://container.googleapis.com/v1/projects/intrepid-period-395206/zones/europe-west1-b/clusters/my-gke-cluster",
            "service_external_ips_config": [
              {
                "enabled": false
              }
            ],
            "services_ipv4_cidr": "10.3.240.0/20",
            "subnetwork": "projects/intrepid-period-395206/regions/europe-west1/subnetworks/default",
            "timeouts": null,
            "tpu_ipv4_cidr_block": "",
            "vertical_pod_autoscaling": [],
            "workload_identity_config": []
          },
          "sensitive_attributes": [],
          "private": "eyJlMmJmYjczMC1lY2FhLTExZTYtOGY4OC0zNDM2M2JjN2M0YzAiOnsiY3JlYXRlIjoyNDAwMDAwMDAwMDAwLCJkZWxldGUiOjI0MDAwMDAwMDAwMDAsInJlYWQiOjI0MDAwMDAwMDAwMDAsInVwZGF0ZSI6MzYwMDAwMDAwMDAwMH0sInNjaGVtYV92ZXJzaW9uIjoiMSJ9"
        }
      ]
    },
    {
      "mode": "managed",
      "type": "google_sql_database_instance",
      "name": "my_database",
      "provider": "provider[\"registry.terraform.io/hashicorp/google\"]",
      "instances": [
        {
          "schema_version": 0,
          "attributes": {
            "available_maintenance_versions": [],
            "clone": [],
            "connection_name": "intrepid-period-395206:europe-west1:my-database",
            "database_version": "MYSQL_8_0",
            "deletion_protection": false,
            "encryption_key_name": null,
            "first_ip_address": "34.140.193.68",
            "id": "my-database",
            "instance_type": "CLOUD_SQL_INSTANCE",
            "ip_address": [
              {
                "ip_address": "34.140.193.68",
                "time_to_retire": "",
                "type": "PRIMARY"
              }
            ],
            "maintenance_version": "MYSQL_8_0_31.R20230624.00_05",
            "master_instance_name": "",
            "name": "my-database",
            "private_ip_address": "",
            "project": "intrepid-period-395206",
            "public_ip_address": "34.140.193.68",
            "region": "europe-west1",
            "replica_configuration": [],
            "restore_backup_context": [],
            "root_password": null,
            "self_link": "https://sqladmin.googleapis.com/sql/v1beta4/projects/intrepid-period-395206/instances/my-database",
            "server_ca_cert": [
              {
                "cert": "-----BEGIN CERTIFICATE-----\nMIIDfzCCAmegAwIBAgIBADANBgkqhkiG9w0BAQsFADB3MS0wKwYDVQQuEyQwZDY4\nMjA0Zi0xNzVkLTQyOTQtODAzMy0wMzc0OTUwZTRkYWIxIzAhBgNVBAMTGkdvb2ds\nZSBDbG91ZCBTUUwgU2VydmVyIENBMRQwEgYDVQQKEwtHb29nbGUsIEluYzELMAkG\nA1UEBhMCVVMwHhcNMjMwODA4MTAwNDQ4WhcNMzMwODA1MTAwNTQ4WjB3MS0wKwYD\nVQQuEyQwZDY4MjA0Zi0xNzVkLTQyOTQtODAzMy0wMzc0OTUwZTRkYWIxIzAhBgNV\nBAMTGkdvb2dsZSBDbG91ZCBTUUwgU2VydmVyIENBMRQwEgYDVQQKEwtHb29nbGUs\nIEluYzELMAkGA1UEBhMCVVMwggEiMA0GCSqGSIb3DQEBAQUAA4IBDwAwggEKAoIB\nAQCE74kP0cgkPOoG9sxT6FJwjy0pIbRhtFagUk2Jtqt0ljnWspYfMJzOykdA9V3S\n6vwE7cnkrTuutcrZEOhRISxhddUSebQHNntAYKIo/byIqhIqnHTHhgzuCNhvAtts\nAbBKme9iJfT+XMXeQtU4a1q6yK5fueflmcMlsWc5pchWMRGJsjZDcm09eHO96CJj\nR5xJQVT57PaLH2qLUT31Wmc6+eZv7gsMNPmK9zNAerVG/MvZgkkdcg23GVbWYutR\nmMWt/w+0GsIS0SjC8uHN9y5Tmp9EknjB0qF+M9uicszNCdzz9ltBGy9iXvzTtJJq\n9QSue2LdJ/z/PRVzs31KF7U1AgMBAAGjFjAUMBIGA1UdEwEB/wQIMAYBAf8CAQAw\nDQYJKoZIhvcNAQELBQADggEBADCG+18vJ/H3m9/fy02PKmdeE3apaERcMAGun4FK\nrHGcQ+qcK61o/L+nXFyGw2dLMnxVv7IktK+vV8y4tH2BtxD5IEYYthygWoVY884w\nWgCwW6P3Esdvp1DB0sxMWfgJxWxU74XaS9UbIVAOnWjYbQaWw/yDR4YQGK8UjkKG\nIE1edUoF7tE5/swlc+mtfjI/KHipfY9YDiL4sviiITkDx4+DLznWMupc9tsSKFcN\nQk5aN+xVTSsc/0ZYuK/k3bV0vhkFWYiHWzozaZrHFaPVtxfpy5Rw2XNoD0GNv2fL\nUAn7kqWz30QVOyums72K5jUObzmrzf3q+VqqIrKqesBMD98=\n-----END CERTIFICATE-----",
                "common_name": "C=US,O=Google\\, Inc,CN=Google Cloud SQL Server CA,dnQualifier=0d68204f-175d-4294-8033-0374950e4dab",
                "create_time": "2023-08-08T10:04:48.926Z",
                "expiration_time": "2033-08-05T10:05:48.926Z",
                "sha1_fingerprint": "70a588b68c66b96c6b68a1390eba5311ab6fea36"
              }
            ],
            "service_account_email_address": "p815927197818-celr00@gcp-sa-cloud-sql.iam.gserviceaccount.com",
            "settings": [
              {
                "activation_policy": "ALWAYS",
                "active_directory_config": [],
                "advanced_machine_features": [],
                "availability_type": "ZONAL",
                "backup_configuration": [
                  {
                    "backup_retention_settings": [
                      {
                        "retained_backups": 7,
                        "retention_unit": "COUNT"
                      }
                    ],
                    "binary_log_enabled": false,
                    "enabled": true,
                    "location": "",
                    "point_in_time_recovery_enabled": false,
                    "start_time": "04:00",
                    "transaction_log_retention_days": 7
                  }
                ],
                "collation": "",
                "connector_enforcement": "NOT_REQUIRED",
                "data_cache_config": [],
                "database_flags": [],
                "deletion_protection_enabled": false,
                "deny_maintenance_period": [],
                "disk_autoresize": true,
                "disk_autoresize_limit": 0,
                "disk_size": 10,
                "disk_type": "PD_SSD",
                "edition": "",
                "insights_config": [],
                "ip_configuration": [
                  {
                    "allocated_ip_range": "",
                    "authorized_networks": [],
                    "enable_private_path_for_google_cloud_services": false,
                    "ipv4_enabled": true,
                    "private_network": "",
                    "require_ssl": false
                  }
                ],
                "location_preference": [
                  {
                    "follow_gae_application": "",
                    "secondary_zone": "",
                    "zone": "europe-west1-d"
                  }
                ],
                "maintenance_window": [],
                "password_validation_policy": [],
                "pricing_plan": "PER_USE",
                "sql_server_audit_config": [],
                "tier": "db-f1-micro",
                "time_zone": "",
                "user_labels": {},
                "version": 2
              }
            ],
            "timeouts": null
          },
          "sensitive_attributes": [],
          "private": "eyJlMmJmYjczMC1lY2FhLTExZTYtOGY4OC0zNDM2M2JjN2M0YzAiOnsiY3JlYXRlIjoyNDAwMDAwMDAwMDAwLCJkZWxldGUiOjE4MDAwMDAwMDAwMDAsInVwZGF0ZSI6MTgwMDAwMDAwMDAwMH19"
        }
      ]
    },
    {
      "mode": "managed",
      "type": "google_sql_ssl_cert",
      "name": "my_ssl_cert",
      "provider": "provider[\"registry.terraform.io/hashicorp/google\"]",
      "instances": [
        {
          "schema_version": 1,
          "attributes": {
            "cert": "-----BEGIN CERTIFICATE-----\nMIIDlzCCAn+gAwIBAgIELRL+CDANBgkqhkiG9w0BAQsFADCBhjEtMCsGA1UELhMk\nZjUyYTYyY2MtN2I4Ni00MzNiLTg2YTgtZjI4NDVlMDY3NWE5MTIwMAYDVQQDEylH\nb29nbGUgQ2xvdWQgU1FMIENsaWVudCBDQSBteS1jbGllbnQtY2VydDEUMBIGA1UE\nChMLR29vZ2xlLCBJbmMxCzAJBgNVBAYTAlVTMB4XDTIzMDgxMDA3NTcyNVoXDTMz\nMDgwNzA3NTgyNVowPDEXMBUGA1UEAxMObXktY2xpZW50LWNlcnQxFDASBgNVBAoT\nC0dvb2dsZSwgSW5jMQswCQYDVQQGEwJVUzCCASIwDQYJKoZIhvcNAQEBBQADggEP\nADCCAQoCggEBALtX4qIbSIuW9326I42XWQKPLngOXFKGxmJDfZBcDUqF5DTeZ2uL\nPb/xw5fc1dY76KFn2P/Pp8rOpTlNpkcmYHRONjujM69/zGPzRp/JbopjGL8i29r8\nOSk2qpjJGfd+XnG2eEpXV0YejKAeXrdNY11zdLNF0z3iGUUG++kEudJ9kBFMgk+a\nBgKlOimMImNx3DsHSAfUXKWfmKjg3QFHgvG13u01jyOdAxOrixc5AXIaln1bCGjG\nfDdQ6zxJNtaSOUBYejYyPBmK4WCHvSDmRxUjWwUmCw4y/axWvsjJq0aWG9eJ4Rj9\nxFcqSX05ICO7xOOMZ3NCExGw7o/Fdfi1v8MCAwEAAaNWMFQwCQYDVR0TBAIwADBH\nBgNVHREEQDA+gTx0ZXJyYWZvcm11c2VyQGludHJlcGlkLXBlcmlvZC0zOTUyMDYu\naWFtLmdzZXJ2aWNlYWNjb3VudC5jb20wDQYJKoZIhvcNAQELBQADggEBABlWKr4T\nKJnqK/TysMDt26Wz6WqU3qSKkRaeJ0AjbYN32LPhWesZbaif4CqCNdQ5O9ABoPx2\nt377ItaRh7OYhDVqroOhpSmcKRcJkrvwJ5DxZv+x4xuO1J6FSG9JBJJsiGVUC+Qa\ndah/OSF2NpKHBjig48XmvrkWDVVDjKuE85/pRtsJTL2kGuQjilukl84VsKi21FEc\nT5ZUXjoZMJmxDokHZ7jRsEpn5fShNDjCQQ7M2L1DpwwtN3J+9208bJtVfoKBI20t\n3VYlk5w66oS2ROKSgNz1bq83e6MqSMZHHGj2OkYHt93sieoN/hFRyeeBGyx9iV8Q\nAybvg3Xy4zvEEJ0=\n-----END CERTIFICATE-----",
            "cert_serial_number": "756219400",
            "common_name": "my-client-cert",
            "create_time": "2023-08-10T07:57:25.826Z",
            "expiration_time": "2033-08-07T07:58:25.826Z",
            "id": "projects/intrepid-period-395206/instances/my-database/sslCerts/fcf4a5205970326b12bbdb166ee59bb6430a875f",
            "instance": "my-database",
            "private_key": "-----BEGIN RSA PRIVATE KEY-----\nMIIEowIBAAKCAQEAu1fiohtIi5b3fbojjZdZAo8ueA5cUobGYkN9kFwNSoXkNN5n\na4s9v/HDl9zV1jvooWfY/8+nys6lOU2mRyZgdE42O6Mzr3/MY/NGn8luimMYvyLb\n2vw5KTaqmMkZ935ecbZ4SldXRh6MoB5et01jXXN0s0XTPeIZRQb76QS50n2QEUyC\nT5oGAqU6KYwiY3HcOwdIB9RcpZ+YqODdAUeC8bXe7TWPI50DE6uLFzkBchqWfVsI\naMZ8N1DrPEk21pI5QFh6NjI8GYrhYIe9IOZHFSNbBSYLDjL9rFa+yMmrRpYb14nh\nGP3EVypJfTkgI7vE44xnc0ITEbDuj8V1+LW/wwIDAQABAoIBAE6gHuSsELFNBcfF\nhEBbgabaUsVeOY8FM2NwMdWRXJ6nPNSXds4i3SKeo9krfK9x6zs6a09JZoFuYtd+\n6Ec6KwcFACvdXcbNGwnjwwMyterslik5xw3MB21tnQGMfRJq/dY5n5iLuXwbPCfD\nNzs1BnvlBdhreLGjH7nhqX3tVtOo2LEilOHSXDxXPO5LQgsuCugKtbYnyQzVYlsU\nukrG0MmeLBt8LvLkBYX/RQprcjunoTbLfgNbBwON6kf8r+EDGCxQE/V3DkrQVLZF\nSkbBHB32ChV3l3Lq/a8sr9p9xX5FG73i9cKM5gY2iqNiVSRLo3WGYlxUOcyll2PB\nFHvwZGkCgYEA6yOVY6drbJ6dD+PR/7mDYBTc7nC2QBwZzbEllshrFOgLddx8Gfd/\nyt9rBxxzqaH2PREx0JaibomWUTyBz1iyyAU4qb1qJJrkIL9pv1OvOH05+gs0dGJV\nSpVH8Yrtp5gPZAVotROM9XxrHIg2SF6tMf6/ER4+DorPKU0XQ+s0FK0CgYEAy/bH\nNktDljqg0DC/F9XQro6in1m7D2rVBAInsVYV1SaAF5wz0WrRgABPMWXd1+Qnd/AA\nx3kA5VzlEp+6E8sFqCGqjEMbD2hmoP9KFbPeD5RO50vHAgvLFERfQS6nlgDCxO9b\nirzm53142azXgLF1JMRgZ42u2DAH69YftzRIRC8CgYBsIpoiES1S74K1ewTpQKxN\nNGsB8K2vv/yR3qS1ugecvrX+ht4/ptWLO8HhrFD4svYl0VGCZrPed8G8LEJaU6Us\nXVJYpTY6DU1aTgzYoyiSpuxRtHN0DoDA4vQJ/eUbTM/PJLmphIsvnf84SOAF2hx2\nQHwn6CuLzoREryJC5ti1pQKBgDVmKIW4crt0IgIfoQgWfIoW4dCiZ20D5T0la0rs\nZM7nQ4Xq6U4cjzjZ2+Hs74XEP+kQtsOClI94IKkdlFP2RUbdeY87SmxgQu5HqBfC\nfZLKm1XG6xVIDSUDOYURN+L31AZHPEo4ZqOYn/ktXUZeL3MuzqaN24bSHGDMMIWA\ndKMVAoGBAIWXRvzGw14XaxSvuf4tANXuEEt05y4p02hxLaRskTn6gdtmGulfyeOm\nm+GiW/n53cFgjvQhvqULB1GtqI9ZT/Sn+XIX0cxW01t6NDUH8ohtz9ax+9Y0o5M7\n4zlnL9B3hnt5wa7zsBQzLWvKuCDH/S/lhBL9uKoYZwjWTWabqEUk\n-----END RSA PRIVATE KEY-----",
            "project": "intrepid-period-395206",
            "server_ca_cert": "-----BEGIN CERTIFICATE-----\nMIIDfzCCAmegAwIBAgIBADANBgkqhkiG9w0BAQsFADB3MS0wKwYDVQQuEyQwZDY4\nMjA0Zi0xNzVkLTQyOTQtODAzMy0wMzc0OTUwZTRkYWIxIzAhBgNVBAMTGkdvb2ds\nZSBDbG91ZCBTUUwgU2VydmVyIENBMRQwEgYDVQQKEwtHb29nbGUsIEluYzELMAkG\nA1UEBhMCVVMwHhcNMjMwODA4MTAwNDQ4WhcNMzMwODA1MTAwNTQ4WjB3MS0wKwYD\nVQQuEyQwZDY4MjA0Zi0xNzVkLTQyOTQtODAzMy0wMzc0OTUwZTRkYWIxIzAhBgNV\nBAMTGkdvb2dsZSBDbG91ZCBTUUwgU2VydmVyIENBMRQwEgYDVQQKEwtHb29nbGUs\nIEluYzELMAkGA1UEBhMCVVMwggEiMA0GCSqGSIb3DQEBAQUAA4IBDwAwggEKAoIB\nAQCE74kP0cgkPOoG9sxT6FJwjy0pIbRhtFagUk2Jtqt0ljnWspYfMJzOykdA9V3S\n6vwE7cnkrTuutcrZEOhRISxhddUSebQHNntAYKIo/byIqhIqnHTHhgzuCNhvAtts\nAbBKme9iJfT+XMXeQtU4a1q6yK5fueflmcMlsWc5pchWMRGJsjZDcm09eHO96CJj\nR5xJQVT57PaLH2qLUT31Wmc6+eZv7gsMNPmK9zNAerVG/MvZgkkdcg23GVbWYutR\nmMWt/w+0GsIS0SjC8uHN9y5Tmp9EknjB0qF+M9uicszNCdzz9ltBGy9iXvzTtJJq\n9QSue2LdJ/z/PRVzs31KF7U1AgMBAAGjFjAUMBIGA1UdEwEB/wQIMAYBAf8CAQAw\nDQYJKoZIhvcNAQELBQADggEBADCG+18vJ/H3m9/fy02PKmdeE3apaERcMAGun4FK\nrHGcQ+qcK61o/L+nXFyGw2dLMnxVv7IktK+vV8y4tH2BtxD5IEYYthygWoVY884w\nWgCwW6P3Esdvp1DB0sxMWfgJxWxU74XaS9UbIVAOnWjYbQaWw/yDR4YQGK8UjkKG\nIE1edUoF7tE5/swlc+mtfjI/KHipfY9YDiL4sviiITkDx4+DLznWMupc9tsSKFcN\nQk5aN+xVTSsc/0ZYuK/k3bV0vhkFWYiHWzozaZrHFaPVtxfpy5Rw2XNoD0GNv2fL\nUAn7kqWz30QVOyums72K5jUObzmrzf3q+VqqIrKqesBMD98=\n-----END CERTIFICATE-----",
            "sha1_fingerprint": "fcf4a5205970326b12bbdb166ee59bb6430a875f",
            "timeouts": null
          },
          "sensitive_attributes": [],
          "private": "eyJlMmJmYjczMC1lY2FhLTExZTYtOGY4OC0zNDM2M2JjN2M0YzAiOnsiY3JlYXRlIjo2MDAwMDAwMDAwMDAsImRlbGV0ZSI6NjAwMDAwMDAwMDAwfSwic2NoZW1hX3ZlcnNpb24iOiIxIn0=",
          "dependencies": [
            "google_sql_database_instance.my_database"
          ]
        }
      ]
    },
    {
      "mode": "managed",
      "type": "google_storage_bucket",
      "name": "my_bucket",
      "provider": "provider[\"registry.terraform.io/hashicorp/google\"]",
      "instances": [
        {
          "schema_version": 0,
          "attributes": {
            "autoclass": [],
            "cors": [],
            "custom_placement_config": [],
            "default_event_based_hold": false,
            "encryption": [],
            "force_destroy": false,
            "id": "website2-bucket1",
            "labels": {},
            "lifecycle_rule": [],
            "location": "EUROPE-WEST1",
            "logging": [],
            "name": "website2-bucket1",
            "project": "intrepid-period-395206",
            "public_access_prevention": "inherited",
            "requester_pays": false,
            "retention_policy": [],
            "self_link": "https://www.googleapis.com/storage/v1/b/website2-bucket1",
            "storage_class": "STANDARD",
            "timeouts": null,
            "uniform_bucket_level_access": false,
            "url": "gs://website2-bucket1",
            "versioning": [],
            "website": []
          },
          "sensitive_attributes": [],
          "private": "eyJlMmJmYjczMC1lY2FhLTExZTYtOGY4OC0zNDM2M2JjN2M0YzAiOnsiY3JlYXRlIjo2MDAwMDAwMDAwMDAsInJlYWQiOjI0MDAwMDAwMDAwMCwidXBkYXRlIjoyNDAwMDAwMDAwMDB9fQ=="
        }
      ]
    }
  ],
  "check_results": null
}
